{
  "version": 4,
  "terraform_version": "0.12.17",
  "serial": 25,
  "lineage": "abf2b942-7e89-8f66-d28f-eacfc0222f82",
  "outputs": {
    "public_url": {
      "value": "ec2-54-234-176-5.compute-1.amazonaws.com",
      "type": "string"
    }
  },
  "resources": [
    {
      "module": "module.nginx",
      "mode": "data",
      "type": "template_cloudinit_config",
      "name": "cloudinit",
      "provider": "provider.template",
      "instances": [
        {
          "schema_version": 0,
          "attributes": {
            "base64_encode": false,
            "gzip": false,
            "id": "381305867",
            "part": [
              {
                "content": "#!/bin/bash\napt-get update\napt-get upgrade -y -o Dpkg::Options::=\"--force-confold\"\n\n#Ruby dependency\n\napt-get update\nsudo apt-get install -y --no-install-recommends \\\n    nginx\n",
                "content_type": "text/x-shellscript",
                "filename": "",
                "merge_type": ""
              }
            ],
            "rendered": "Content-Type: multipart/mixed; boundary=\"MIMEBOUNDARY\"\nMIME-Version: 1.0\r\n\r\n--MIMEBOUNDARY\r\nContent-Transfer-Encoding: 7bit\r\nContent-Type: text/x-shellscript\r\nMime-Version: 1.0\r\n\r\n#!/bin/bash\napt-get update\napt-get upgrade -y -o Dpkg::Options::=\"--force-confold\"\n\n#Ruby dependency\n\napt-get update\nsudo apt-get install -y --no-install-recommends \\\n    nginx\n\r\n--MIMEBOUNDARY--\r\n"
          }
        }
      ]
    },
    {
      "mode": "data",
      "type": "template_file",
      "name": "nginx_init",
      "provider": "provider.template",
      "instances": [
        {
          "schema_version": 0,
          "attributes": {
            "filename": null,
            "id": "dedf790a19b220d05c9dc0a2a397e061b4eab14214c2409658ee540e2cb6efdc",
            "rendered": "#!/bin/bash\napt-get update\napt-get upgrade -y -o Dpkg::Options::=\"--force-confold\"\n\n#Ruby dependency\n\napt-get update\nsudo apt-get install -y --no-install-recommends \\\n    nginx\n",
            "template": "#!/bin/bash\napt-get update\napt-get upgrade -y -o Dpkg::Options::=\"--force-confold\"\n\n#Ruby dependency\n\napt-get update\nsudo apt-get install -y --no-install-recommends \\\n    nginx\n",
            "vars": null
          }
        }
      ]
    },
    {
      "module": "module.network",
      "mode": "managed",
      "type": "aws_internet_gateway",
      "name": "main_igw",
      "provider": "provider.aws",
      "instances": [
        {
          "schema_version": 0,
          "attributes": {
            "id": "igw-047447b7347db0b68",
            "owner_id": "526669632594",
            "tags": {
              "Name": "devops-test-igw"
            },
            "vpc_id": "vpc-09ebe339b82a0838f"
          },
          "private": "bnVsbA==",
          "dependencies": [
            "module.network.aws_vpc.main"
          ]
        }
      ]
    },
    {
      "mode": "managed",
      "type": "aws_key_pair",
      "name": "key",
      "provider": "provider.aws",
      "instances": [
        {
          "schema_version": 1,
          "attributes": {
            "fingerprint": "2d:01:fe:9a:80:5a:91:c8:65:a7:bc:5a:e1:14:3b:6b",
            "id": "devops-test-key",
            "key_name": "devops-test-key",
            "key_name_prefix": null,
            "key_pair_id": "key-098a6d17d7db46c41",
            "public_key": "ssh-rsa AAAAB3NzaC1yc2EAAAADAQABAAABAQDLIkPN5F3svwgzHQ0H7+VrJI7j3BMhtgtppSASnXgdvbiiavaEUgQKaj9JNFPQadBhTzIzjPp2NRg9G7IIZL9Yo2isIJiNJtblwO7FN3P6JG8N7i1vOvqeah8IurZAXYfFY4nF5ALtslZB6pNqjh+7qG/wUpWpJ63/7PqzSpS6IxH08lJEedSUWk9UN9tSB6iS0gpz46nkN5OjmWOuZ+aP6bJPz92+aH+yVvNeXODn0D+yLZdxdrExQukVFDtTg7MUNKMsFOzCvxQ8FFiZYbLPXA+TDg7LwqoKJPpFK+dYjLwoEGcpmyD7n9WPI89JlEQYdVqYg0zHls5lrZhV3pLL djose@dan-acer",
            "tags": null
          },
          "private": "eyJzY2hlbWFfdmVyc2lvbiI6IjEifQ=="
        }
      ]
    },
    {
      "module": "module.network",
      "mode": "managed",
      "type": "aws_route",
      "name": "public_internet_gateway",
      "provider": "provider.aws",
      "instances": [
        {
          "schema_version": 0,
          "attributes": {
            "destination_cidr_block": "0.0.0.0/0",
            "destination_ipv6_cidr_block": null,
            "destination_prefix_list_id": "",
            "egress_only_gateway_id": "",
            "gateway_id": "igw-047447b7347db0b68",
            "id": "r-rtb-0e0d2f5fce42b2ca01080289494",
            "instance_id": "",
            "instance_owner_id": "",
            "nat_gateway_id": "",
            "network_interface_id": "",
            "origin": "CreateRoute",
            "route_table_id": "rtb-0e0d2f5fce42b2ca0",
            "state": "active",
            "timeouts": null,
            "transit_gateway_id": "",
            "vpc_peering_connection_id": ""
          },
          "private": "eyJlMmJmYjczMC1lY2FhLTExZTYtOGY4OC0zNDM2M2JjN2M0YzAiOnsiY3JlYXRlIjoxMjAwMDAwMDAwMDAsImRlbGV0ZSI6MzAwMDAwMDAwMDAwfX0=",
          "dependencies": [
            "module.network.aws_internet_gateway.main_igw",
            "module.network.aws_route_table.public",
            "module.network.aws_vpc.main"
          ]
        }
      ]
    },
    {
      "module": "module.network",
      "mode": "managed",
      "type": "aws_route_table",
      "name": "public",
      "provider": "provider.aws",
      "instances": [
        {
          "schema_version": 0,
          "attributes": {
            "id": "rtb-0e0d2f5fce42b2ca0",
            "owner_id": "526669632594",
            "propagating_vgws": [],
            "route": [
              {
                "cidr_block": "0.0.0.0/0",
                "egress_only_gateway_id": "",
                "gateway_id": "igw-047447b7347db0b68",
                "instance_id": "",
                "ipv6_cidr_block": "",
                "nat_gateway_id": "",
                "network_interface_id": "",
                "transit_gateway_id": "",
                "vpc_peering_connection_id": ""
              }
            ],
            "tags": {
              "Name": "devops-test-public-route-table"
            },
            "vpc_id": "vpc-09ebe339b82a0838f"
          },
          "private": "bnVsbA==",
          "dependencies": [
            "module.network.aws_vpc.main"
          ]
        }
      ]
    },
    {
      "module": "module.network",
      "mode": "managed",
      "type": "aws_route_table_association",
      "name": "public",
      "each": "list",
      "provider": "provider.aws",
      "instances": [
        {
          "index_key": 0,
          "schema_version": 0,
          "attributes": {
            "gateway_id": null,
            "id": "rtbassoc-02f63d2b2ea303a55",
            "route_table_id": "rtb-0e0d2f5fce42b2ca0",
            "subnet_id": "subnet-04368b0ac4024d8b1"
          },
          "private": "bnVsbA==",
          "dependencies": [
            "module.network.aws_route_table.public",
            "module.network.aws_subnet.public",
            "module.network.aws_vpc.main"
          ]
        }
      ]
    },
    {
      "module": "module.network",
      "mode": "managed",
      "type": "aws_subnet",
      "name": "public",
      "each": "list",
      "provider": "provider.aws",
      "instances": [
        {
          "index_key": 0,
          "schema_version": 1,
          "attributes": {
            "arn": "arn:aws:ec2:us-east-1:526669632594:subnet/subnet-04368b0ac4024d8b1",
            "assign_ipv6_address_on_creation": false,
            "availability_zone": "us-east-1a",
            "availability_zone_id": "use1-az4",
            "cidr_block": "10.0.1.0/24",
            "id": "subnet-04368b0ac4024d8b1",
            "ipv6_cidr_block": "",
            "ipv6_cidr_block_association_id": "",
            "map_public_ip_on_launch": true,
            "owner_id": "526669632594",
            "tags": {
              "Name": "devops-test-public-subnet-us-east-1a"
            },
            "timeouts": null,
            "vpc_id": "vpc-09ebe339b82a0838f"
          },
          "private": "eyJlMmJmYjczMC1lY2FhLTExZTYtOGY4OC0zNDM2M2JjN2M0YzAiOnsiY3JlYXRlIjo2MDAwMDAwMDAwMDAsImRlbGV0ZSI6MTIwMDAwMDAwMDAwMH0sInNjaGVtYV92ZXJzaW9uIjoiMSJ9",
          "dependencies": [
            "module.network.aws_vpc.main"
          ]
        }
      ]
    },
    {
      "module": "module.network",
      "mode": "managed",
      "type": "aws_vpc",
      "name": "main",
      "provider": "provider.aws",
      "instances": [
        {
          "schema_version": 1,
          "attributes": {
            "arn": "arn:aws:ec2:us-east-1:526669632594:vpc/vpc-09ebe339b82a0838f",
            "assign_generated_ipv6_cidr_block": false,
            "cidr_block": "10.0.0.0/16",
            "default_network_acl_id": "acl-0f118f1420fc6d845",
            "default_route_table_id": "rtb-043d275ac4ec71fd7",
            "default_security_group_id": "sg-04f0cdaa5f371d2b5",
            "dhcp_options_id": "dopt-07f1217d",
            "enable_classiclink": false,
            "enable_classiclink_dns_support": false,
            "enable_dns_hostnames": true,
            "enable_dns_support": true,
            "id": "vpc-09ebe339b82a0838f",
            "instance_tenancy": "default",
            "ipv6_association_id": "",
            "ipv6_cidr_block": "",
            "main_route_table_id": "rtb-043d275ac4ec71fd7",
            "owner_id": "526669632594",
            "tags": {
              "Name": "devops-test-vpc"
            }
          },
          "private": "eyJzY2hlbWFfdmVyc2lvbiI6IjEifQ=="
        }
      ]
    }
  ]
}
